// !$*UTF8*$!
{
	archiveVersion = 1;
	classes = {
	};
	objectVersion = 55;
	objects = {

/* Begin PBXBuildFile section */
		D92842E6287C9D6B00EA2C41 /* main.swift in Sources */ = {isa = PBXBuildFile; fileRef = D92842E5287C9D6B00EA2C41 /* main.swift */; };
		D92842EE287C9D9C00EA2C41 /* Recursion.swift in Sources */ = {isa = PBXBuildFile; fileRef = D92842ED287C9D9C00EA2C41 /* Recursion.swift */; };
		D92842F0287CA11700EA2C41 /* String+DPStringTool.swift in Sources */ = {isa = PBXBuildFile; fileRef = D92842EF287CA11700EA2C41 /* String+DPStringTool.swift */; };
		D928430E287F2F6800EA2C41 /* ExhaustiveSearch.swift in Sources */ = {isa = PBXBuildFile; fileRef = D928430D287F2F6800EA2C41 /* ExhaustiveSearch.swift */; };
		D9284310287F3EC500EA2C41 /* BackTracking.swift in Sources */ = {isa = PBXBuildFile; fileRef = D928430F287F3EC500EA2C41 /* BackTracking.swift */; };
		D9284313287F4AFF00EA2C41 /* Board.swift in Sources */ = {isa = PBXBuildFile; fileRef = D9284312287F4AFF00EA2C41 /* Board.swift */; };
		D9284315287F4B0A00EA2C41 /* QueensSolver.swift in Sources */ = {isa = PBXBuildFile; fileRef = D9284314287F4B0A00EA2C41 /* QueensSolver.swift */; };
/* End PBXBuildFile section */

/* Begin PBXCopyFilesBuildPhase section */
		D92842E0287C9D6B00EA2C41 /* CopyFiles */ = {
			isa = PBXCopyFilesBuildPhase;
			buildActionMask = 2147483647;
			dstPath = /usr/share/man/man1/;
			dstSubfolderSpec = 0;
			files = (
			);
			runOnlyForDeploymentPostprocessing = 1;
		};
/* End PBXCopyFilesBuildPhase section */

/* Begin PBXFileReference section */
		D92842E2287C9D6B00EA2C41 /* Swift-AGDS */ = {isa = PBXFileReference; explicitFileType = "compiled.mach-o.executable"; includeInIndex = 0; path = "Swift-AGDS"; sourceTree = BUILT_PRODUCTS_DIR; };
		D92842E5287C9D6B00EA2C41 /* main.swift */ = {isa = PBXFileReference; lastKnownFileType = sourcecode.swift; path = main.swift; sourceTree = "<group>"; };
		D92842ED287C9D9C00EA2C41 /* Recursion.swift */ = {isa = PBXFileReference; lastKnownFileType = sourcecode.swift; path = Recursion.swift; sourceTree = "<group>"; };
		D92842EF287CA11700EA2C41 /* String+DPStringTool.swift */ = {isa = PBXFileReference; fileEncoding = 4; lastKnownFileType = sourcecode.swift; path = "String+DPStringTool.swift"; sourceTree = "<group>"; };
		D92842F1287CBEBB00EA2C41 /* story.txt */ = {isa = PBXFileReference; lastKnownFileType = text; name = story.txt; path = "Swift-AGDS/story.txt"; sourceTree = SOURCE_ROOT; };
		D928430D287F2F6800EA2C41 /* ExhaustiveSearch.swift */ = {isa = PBXFileReference; lastKnownFileType = sourcecode.swift; path = ExhaustiveSearch.swift; sourceTree = "<group>"; };
		D928430F287F3EC500EA2C41 /* BackTracking.swift */ = {isa = PBXFileReference; lastKnownFileType = sourcecode.swift; path = BackTracking.swift; sourceTree = "<group>"; };
		D9284312287F4AFF00EA2C41 /* Board.swift */ = {isa = PBXFileReference; fileEncoding = 4; lastKnownFileType = sourcecode.swift; path = Board.swift; sourceTree = "<group>"; };
		D9284314287F4B0A00EA2C41 /* QueensSolver.swift */ = {isa = PBXFileReference; fileEncoding = 4; lastKnownFileType = sourcecode.swift; path = QueensSolver.swift; sourceTree = "<group>"; };
/* End PBXFileReference section */

/* Begin PBXFrameworksBuildPhase section */
		D92842DF287C9D6B00EA2C41 /* Frameworks */ = {
			isa = PBXFrameworksBuildPhase;
			buildActionMask = 2147483647;
			files = (
			);
			runOnlyForDeploymentPostprocessing = 0;
		};
/* End PBXFrameworksBuildPhase section */

/* Begin PBXGroup section */
		D92842D9287C9D6B00EA2C41 = {
			isa = PBXGroup;
			children = (
				D92842E4287C9D6B00EA2C41 /* Swift-AGDS */,
				D92842E3287C9D6B00EA2C41 /* Products */,
			);
			sourceTree = "<group>";
		};
		D92842E3287C9D6B00EA2C41 /* Products */ = {
			isa = PBXGroup;
			children = (
				D92842E2287C9D6B00EA2C41 /* Swift-AGDS */,
			);
			name = Products;
			sourceTree = "<group>";
		};
		D92842E4287C9D6B00EA2C41 /* Swift-AGDS */ = {
			isa = PBXGroup;
			children = (
				D9284311287F4A1300EA2C41 /* MiniProject2 */,
				D92842EF287CA11700EA2C41 /* String+DPStringTool.swift */,
				D92842EC287C9D8700EA2C41 /* Recursion */,
				D92842E5287C9D6B00EA2C41 /* main.swift */,
			);
			path = "Swift-AGDS";
			sourceTree = "<group>";
		};
		D92842EC287C9D8700EA2C41 /* Recursion */ = {
			isa = PBXGroup;
			children = (
				D92842F1287CBEBB00EA2C41 /* story.txt */,
				D92842ED287C9D9C00EA2C41 /* Recursion.swift */,
				D928430D287F2F6800EA2C41 /* ExhaustiveSearch.swift */,
				D928430F287F3EC500EA2C41 /* BackTracking.swift */,
			);
			path = Recursion;
			sourceTree = "<group>";
		};
		D9284311287F4A1300EA2C41 /* MiniProject2 */ = {
			isa = PBXGroup;
			children = (
				D9284312287F4AFF00EA2C41 /* Board.swift */,
				D9284314287F4B0A00EA2C41 /* QueensSolver.swift */,
			);
			path = MiniProject2;
			sourceTree = "<group>";
		};
/* End PBXGroup section */

/* Begin PBXNativeTarget section */
		D92842E1287C9D6B00EA2C41 /* Swift-AGDS */ = {
			isa = PBXNativeTarget;
			buildConfigurationList = D92842E9287C9D6B00EA2C41 /* Build configuration list for PBXNativeTarget "Swift-AGDS" */;
			buildPhases = (
				D92842DE287C9D6B00EA2C41 /* Sources */,
				D92842DF287C9D6B00EA2C41 /* Frameworks */,
				D92842E0287C9D6B00EA2C41 /* CopyFiles */,
			);
			buildRules = (
			);
			dependencies = (
			);
			name = "Swift-AGDS";
			productName = "Swift-AGDS";
			productReference = D92842E2287C9D6B00EA2C41 /* Swift-AGDS */;
			productType = "com.apple.product-type.tool";
		};
/* End PBXNativeTarget section */

/* Begin PBXProject section */
		D92842DA287C9D6B00EA2C41 /* Project object */ = {
			isa = PBXProject;
			attributes = {
				BuildIndependentTargetsInParallel = 1;
				LastSwiftUpdateCheck = 1340;
				LastUpgradeCheck = 1340;
				TargetAttributes = {
					D92842E1287C9D6B00EA2C41 = {
						CreatedOnToolsVersion = 13.4.1;
					};
				};
			};
			buildConfigurationList = D92842DD287C9D6B00EA2C41 /* Build configuration list for PBXProject "Swift-AGDS" */;
			compatibilityVersion = "Xcode 13.0";
			developmentRegion = en;
			hasScannedForEncodings = 0;
			knownRegions = (
				en,
				Base,
			);
			mainGroup = D92842D9287C9D6B00EA2C41;
			productRefGroup = D92842E3287C9D6B00EA2C41 /* Products */;
			projectDirPath = "";
			projectRoot = "";
			targets = (
				D92842E1287C9D6B00EA2C41 /* Swift-AGDS */,
			);
		};
/* End PBXProject section */

/* Begin PBXSourcesBuildPhase section */
		D92842DE287C9D6B00EA2C41 /* Sources */ = {
			isa = PBXSourcesBuildPhase;
			buildActionMask = 2147483647;
			files = (
				D92842F0287CA11700EA2C41 /* String+DPStringTool.swift in Sources */,
				D928430E287F2F6800EA2C41 /* ExhaustiveSearch.swift in Sources */,
				D9284315287F4B0A00EA2C41 /* QueensSolver.swift in Sources */,
				D9284313287F4AFF00EA2C41 /* Board.swift in Sources */,
				D92842EE287C9D9C00EA2C41 /* Recursion.swift in Sources */,
				D9284310287F3EC500EA2C41 /* BackTracking.swift in Sources */,
				D92842E6287C9D6B00EA2C41 /* main.swift in Sources */,
			);
			runOnlyForDeploymentPostprocessing = 0;
		};
/* End PBXSourcesBuildPhase section */

/* Begin XCBuildConfiguration section */
		D92842E7287C9D6B00EA2C41 /* Debug */ = {
			isa = XCBuildConfiguration;
			buildSettings = {
				ALWAYS_SEARCH_USER_PATHS = NO;
				CLANG_ANALYZER_NONNULL = YES;
				CLANG_ANALYZER_NUMBER_OBJECT_CONVERSION = YES_AGGRESSIVE;
				CLANG_CXX_LANGUAGE_STANDARD = "gnu++17";
				CLANG_ENABLE_MODULES = YES;
				CLANG_ENABLE_OBJC_ARC = YES;
				CLANG_ENABLE_OBJC_WEAK = YES;
				CLANG_WARN_BLOCK_CAPTURE_AUTORELEASING = YES;
				CLANG_WARN_BOOL_CONVERSION = YES;
				CLANG_WARN_COMMA = YES;
				CLANG_WARN_CONSTANT_CONVERSION = YES;
				CLANG_WARN_DEPRECATED_OBJC_IMPLEMENTATIONS = YES;
				CLANG_WARN_DIRECT_OBJC_ISA_USAGE = YES_ERROR;
				CLANG_WARN_DOCUMENTATION_COMMENTS = YES;
				CLANG_WARN_EMPTY_BODY = YES;
				CLANG_WARN_ENUM_CONVERSION = YES;
				CLANG_WARN_INFINITE_RECURSION = YES;
				CLANG_WARN_INT_CONVERSION = YES;
				CLANG_WARN_NON_LITERAL_NULL_CONVERSION = YES;
				CLANG_WARN_OBJC_IMPLICIT_RETAIN_SELF = YES;
				CLANG_WARN_OBJC_LITERAL_CONVERSION = YES;
				CLANG_WARN_OBJC_ROOT_CLASS = YES_ERROR;
				CLANG_WARN_QUOTED_INCLUDE_IN_FRAMEWORK_HEADER = YES;
				CLANG_WARN_RANGE_LOOP_ANALYSIS = YES;
				CLANG_WARN_STRICT_PROTOTYPES = YES;
				CLANG_WARN_SUSPICIOUS_MOVE = YES;
				CLANG_WARN_UNGUARDED_AVAILABILITY = YES_AGGRESSIVE;
				CLANG_WARN_UNREACHABLE_CODE = YES;
				CLANG_WARN__DUPLICATE_METHOD_MATCH = YES;
				COPY_PHASE_STRIP = NO;
				DEBUG_INFORMATION_FORMAT = dwarf;
				ENABLE_STRICT_OBJC_MSGSEND = YES;
				ENABLE_TESTABILITY = YES;
				GCC_C_LANGUAGE_STANDARD = gnu11;
				GCC_DYNAMIC_NO_PIC = NO;
				GCC_NO_COMMON_BLOCKS = YES;
				GCC_OPTIMIZATION_LEVEL = 0;
				GCC_PREPROCESSOR_DEFINITIONS = (
					"DEBUG=1",
					"$(inherited)",
				);
				GCC_WARN_64_TO_32_BIT_CONVERSION = YES;
				GCC_WARN_ABOUT_RETURN_TYPE = YES_ERROR;
				GCC_WARN_UNDECLARED_SELECTOR = YES;
				GCC_WARN_UNINITIALIZED_AUTOS = YES_AGGRESSIVE;
				GCC_WARN_UNUSED_FUNCTION = YES;
				GCC_WARN_UNUSED_VARIABLE = YES;
				MACOSX_DEPLOYMENT_TARGET = 12.3;
				MTL_ENABLE_DEBUG_INFO = INCLUDE_SOURCE;
				MTL_FAST_MATH = YES;
				ONLY_ACTIVE_ARCH = YES;
				SDKROOT = macosx;
				SWIFT_ACTIVE_COMPILATION_CONDITIONS = DEBUG;
				SWIFT_OPTIMIZATION_LEVEL = "-Onone";
			};
			name = Debug;
		};
		D92842E8287C9D6B00EA2C41 /* Release */ = {
			isa = XCBuildConfiguration;
			buildSettings = {
				ALWAYS_SEARCH_USER_PATHS = NO;
				CLANG_ANALYZER_NONNULL = YES;
				CLANG_ANALYZER_NUMBER_OBJECT_CONVERSION = YES_AGGRESSIVE;
				CLANG_CXX_LANGUAGE_STANDARD = "gnu++17";
				CLANG_ENABLE_MODULES = YES;
				CLANG_ENABLE_OBJC_ARC = YES;
				CLANG_ENABLE_OBJC_WEAK = YES;
				CLANG_WARN_BLOCK_CAPTURE_AUTORELEASING = YES;
				CLANG_WARN_BOOL_CONVERSION = YES;
				CLANG_WARN_COMMA = YES;
				CLANG_WARN_CONSTANT_CONVERSION = YES;
				CLANG_WARN_DEPRECATED_OBJC_IMPLEMENTATIONS = YES;
				CLANG_WARN_DIRECT_OBJC_ISA_USAGE = YES_ERROR;
				CLANG_WARN_DOCUMENTATION_COMMENTS = YES;
				CLANG_WARN_EMPTY_BODY = YES;
				CLANG_WARN_ENUM_CONVERSION = YES;
				CLANG_WARN_INFINITE_RECURSION = YES;
				CLANG_WARN_INT_CONVERSION = YES;
				CLANG_WARN_NON_LITERAL_NULL_CONVERSION = YES;
				CLANG_WARN_OBJC_IMPLICIT_RETAIN_SELF = YES;
				CLANG_WARN_OBJC_LITERAL_CONVERSION = YES;
				CLANG_WARN_OBJC_ROOT_CLASS = YES_ERROR;
				CLANG_WARN_QUOTED_INCLUDE_IN_FRAMEWORK_HEADER = YES;
				CLANG_WARN_RANGE_LOOP_ANALYSIS = YES;
				CLANG_WARN_STRICT_PROTOTYPES = YES;
				CLANG_WARN_SUSPICIOUS_MOVE = YES;
				CLANG_WARN_UNGUARDED_AVAILABILITY = YES_AGGRESSIVE;
				CLANG_WARN_UNREACHABLE_CODE = YES;
				CLANG_WARN__DUPLICATE_METHOD_MATCH = YES;
				COPY_PHASE_STRIP = NO;
				DEBUG_INFORMATION_FORMAT = "dwarf-with-dsym";
				ENABLE_NS_ASSERTIONS = NO;
				ENABLE_STRICT_OBJC_MSGSEND = YES;
				GCC_C_LANGUAGE_STANDARD = gnu11;
				GCC_NO_COMMON_BLOCKS = YES;
				GCC_WARN_64_TO_32_BIT_CONVERSION = YES;
				GCC_WARN_ABOUT_RETURN_TYPE = YES_ERROR;
				GCC_WARN_UNDECLARED_SELECTOR = YES;
				GCC_WARN_UNINITIALIZED_AUTOS = YES_AGGRESSIVE;
				GCC_WARN_UNUSED_FUNCTION = YES;
				GCC_WARN_UNUSED_VARIABLE = YES;
				MACOSX_DEPLOYMENT_TARGET = 12.3;
				MTL_ENABLE_DEBUG_INFO = NO;
				MTL_FAST_MATH = YES;
				SDKROOT = macosx;
				SWIFT_COMPILATION_MODE = wholemodule;
				SWIFT_OPTIMIZATION_LEVEL = "-O";
			};
			name = Release;
		};
		D92842EA287C9D6B00EA2C41 /* Debug */ = {
			isa = XCBuildConfiguration;
			buildSettings = {
				CODE_SIGN_STYLE = Automatic;
				PRODUCT_NAME = "$(TARGET_NAME)";
				SWIFT_VERSION = 5.0;
			};
			name = Debug;
		};
		D92842EB287C9D6B00EA2C41 /* Release */ = {
			isa = XCBuildConfiguration;
			buildSettings = {
				CODE_SIGN_STYLE = Automatic;
				PRODUCT_NAME = "$(TARGET_NAME)";
				SWIFT_VERSION = 5.0;
			};
			name = Release;
		};
/* End XCBuildConfiguration section */

/* Begin XCConfigurationList section */
		D92842DD287C9D6B00EA2C41 /* Build configuration list for PBXProject "Swift-AGDS" */ = {
			isa = XCConfigurationList;
			buildConfigurations = (
				D92842E7287C9D6B00EA2C41 /* Debug */,
				D92842E8287C9D6B00EA2C41 /* Release */,
			);
			defaultConfigurationIsVisible = 0;
			defaultConfigurationName = Release;
		};
		D92842E9287C9D6B00EA2C41 /* Build configuration list for PBXNativeTarget "Swift-AGDS" */ = {
			isa = XCConfigurationList;
			buildConfigurations = (
				D92842EA287C9D6B00EA2C41 /* Debug */,
				D92842EB287C9D6B00EA2C41 /* Release */,
			);
			defaultConfigurationIsVisible = 0;
			defaultConfigurationName = Release;
		};
/* End XCConfigurationList section */
	};
	rootObject = D92842DA287C9D6B00EA2C41 /* Project object */;
}
