// !$*UTF8*$!
{
	archiveVersion = 1;
	classes = {
	};
	objectVersion = 55;
	objects = {

/* Begin PBXBuildFile section */
		D916FFCF28EAB1C600DC0522 /* NumberOfWaysToArriveAtDestiantion.swift in Sources */ = {isa = PBXBuildFile; fileRef = D916FFCE28EAB1C600DC0522 /* NumberOfWaysToArriveAtDestiantion.swift */; };
		D916FFD228EB6FCA00DC0522 /* IndexPriorityQueue.swift in Sources */ = {isa = PBXBuildFile; fileRef = D916FFD128EB6FCA00DC0522 /* IndexPriorityQueue.swift */; };
		D916FFD428EE288400DC0522 /* ThreeSum.swift in Sources */ = {isa = PBXBuildFile; fileRef = D916FFD328EE288400DC0522 /* ThreeSum.swift */; };
		D916FFD628EF82F300DC0522 /* TwoSum.swift in Sources */ = {isa = PBXBuildFile; fileRef = D916FFD528EF82F300DC0522 /* TwoSum.swift */; };
		D916FFD828EF9ED400DC0522 /* BestTimeToBuyAndSellStock.swift in Sources */ = {isa = PBXBuildFile; fileRef = D916FFD728EF9ED400DC0522 /* BestTimeToBuyAndSellStock.swift */; };
		D916FFDA28F228DF00DC0522 /* LongestIncreasingPathInAMatrix.swift in Sources */ = {isa = PBXBuildFile; fileRef = D916FFD928F228DF00DC0522 /* LongestIncreasingPathInAMatrix.swift */; };
		D92842E6287C9D6B00EA2C41 /* main.swift in Sources */ = {isa = PBXBuildFile; fileRef = D92842E5287C9D6B00EA2C41 /* main.swift */; };
		D92842EE287C9D9C00EA2C41 /* Recursion.swift in Sources */ = {isa = PBXBuildFile; fileRef = D92842ED287C9D9C00EA2C41 /* Recursion.swift */; };
		D92842F0287CA11700EA2C41 /* String+DPStringTool.swift in Sources */ = {isa = PBXBuildFile; fileRef = D92842EF287CA11700EA2C41 /* String+DPStringTool.swift */; };
		D928430E287F2F6800EA2C41 /* ExhaustiveSearch.swift in Sources */ = {isa = PBXBuildFile; fileRef = D928430D287F2F6800EA2C41 /* ExhaustiveSearch.swift */; };
		D9284310287F3EC500EA2C41 /* BackTracking.swift in Sources */ = {isa = PBXBuildFile; fileRef = D928430F287F3EC500EA2C41 /* BackTracking.swift */; };
		D9284313287F4AFF00EA2C41 /* Board.swift in Sources */ = {isa = PBXBuildFile; fileRef = D9284312287F4AFF00EA2C41 /* Board.swift */; };
		D9284315287F4B0A00EA2C41 /* QueensSolver.swift in Sources */ = {isa = PBXBuildFile; fileRef = D9284314287F4B0A00EA2C41 /* QueensSolver.swift */; };
		D93B3751288862060087FF32 /* Bag.swift in Sources */ = {isa = PBXBuildFile; fileRef = D93B3750288862060087FF32 /* Bag.swift */; };
		D93B375328888D050087FF32 /* Stack.swift in Sources */ = {isa = PBXBuildFile; fileRef = D93B375228888D050087FF32 /* Stack.swift */; };
		D93B375528888D0D0087FF32 /* Queue.swift in Sources */ = {isa = PBXBuildFile; fileRef = D93B375428888D0D0087FF32 /* Queue.swift */; };
		D93B37592888D7E40087FF32 /* KMPAlgorithm.swift in Sources */ = {isa = PBXBuildFile; fileRef = D93B37582888D7E40087FF32 /* KMPAlgorithm.swift */; };
		D93E115D28A04F1D004E3582 /* AllPathsSourceTarget.swift in Sources */ = {isa = PBXBuildFile; fileRef = D93E115C28A04F1D004E3582 /* AllPathsSourceTarget.swift */; };
		D9451E91289053CF00538EF4 /* DFS.swift in Sources */ = {isa = PBXBuildFile; fileRef = D9451E90289053CF00538EF4 /* DFS.swift */; };
		D9451E9328905F2600538EF4 /* ConnectedComponents.swift in Sources */ = {isa = PBXBuildFile; fileRef = D9451E9228905F2600538EF4 /* ConnectedComponents.swift */; };
		D9451E972890BE3300538EF4 /* IsBipartite.swift in Sources */ = {isa = PBXBuildFile; fileRef = D9451E962890BE3300538EF4 /* IsBipartite.swift */; };
		D9451E9928920E2400538EF4 /* CirclePermutation.swift in Sources */ = {isa = PBXBuildFile; fileRef = D9451E9828920E2400538EF4 /* CirclePermutation.swift */; };
		D9451E9B2892263000538EF4 /* RepeatingSequence.swift in Sources */ = {isa = PBXBuildFile; fileRef = D9451E9A2892263000538EF4 /* RepeatingSequence.swift */; };
		D9457AE028DBB2B10035FC9A /* JumpGame2.swift in Sources */ = {isa = PBXBuildFile; fileRef = D9457ADF28DBB2B10035FC9A /* JumpGame2.swift */; };
		D9457AE228DBBC5E0035FC9A /* GenerateParentheses.swift in Sources */ = {isa = PBXBuildFile; fileRef = D9457AE128DBBC5E0035FC9A /* GenerateParentheses.swift */; };
		D9457AE428DBC6270035FC9A /* UniquePaths.swift in Sources */ = {isa = PBXBuildFile; fileRef = D9457AE328DBC6270035FC9A /* UniquePaths.swift */; };
		D9457AE628DD430F0035FC9A /* TrappingRainWater.swift in Sources */ = {isa = PBXBuildFile; fileRef = D9457AE528DD430F0035FC9A /* TrappingRainWater.swift */; };
		D951607F2885F9190028A834 /* QuickSort.swift in Sources */ = {isa = PBXBuildFile; fileRef = D951607E2885F9190028A834 /* QuickSort.swift */; };
		D959E6E528E3C22500A96F0A /* FindFirstAndLastPosition.swift in Sources */ = {isa = PBXBuildFile; fileRef = D959E6E428E3C22500A96F0A /* FindFirstAndLastPosition.swift */; };
		D963E87C28CC0A3600A99761 /* LenghtOfLIS.swift in Sources */ = {isa = PBXBuildFile; fileRef = D963E87B28CC0A3600A99761 /* LenghtOfLIS.swift */; };
		D963E88028CD515300A99761 /* PrettyNumber.swift in Sources */ = {isa = PBXBuildFile; fileRef = D963E87F28CD515300A99761 /* PrettyNumber.swift */; };
		D97201F62899913600F4CB23 /* FindTheTownJudge.swift in Sources */ = {isa = PBXBuildFile; fileRef = D97201F52899913600F4CB23 /* FindTheTownJudge.swift */; };
		D97201F82899914F00F4CB23 /* NumberOfProvinces.swift in Sources */ = {isa = PBXBuildFile; fileRef = D97201F72899914F00F4CB23 /* NumberOfProvinces.swift */; };
		D97201FA2899916D00F4CB23 /* FindCenterOfStarGraph.swift in Sources */ = {isa = PBXBuildFile; fileRef = D97201F92899916D00F4CB23 /* FindCenterOfStarGraph.swift */; };
		D9720200289C370B00F4CB23 /* LowestCommonAncestor.swift in Sources */ = {isa = PBXBuildFile; fileRef = D97201FF289C370B00F4CB23 /* LowestCommonAncestor.swift */; };
		D9720202289C506500F4CB23 /* SushiRestaurant.swift in Sources */ = {isa = PBXBuildFile; fileRef = D9720201289C506500F4CB23 /* SushiRestaurant.swift */; };
		D99080B028945E8C0074F7C5 /* myParent.swift in Sources */ = {isa = PBXBuildFile; fileRef = D99080AF28945E8C0074F7C5 /* myParent.swift */; };
		D99080B22896EB290074F7C5 /* Diameter.swift in Sources */ = {isa = PBXBuildFile; fileRef = D99080B12896EB290074F7C5 /* Diameter.swift */; };
		D9DBE81028A176F500750F34 /* Maze.swift in Sources */ = {isa = PBXBuildFile; fileRef = D9DBE80F28A176F500750F34 /* Maze.swift */; };
		D9DBE81328A195C200750F34 /* FloodFill.swift in Sources */ = {isa = PBXBuildFile; fileRef = D9DBE81228A195C200750F34 /* FloodFill.swift */; };
		D9DBE81528A1B77400750F34 /* TomatoFarm.swift in Sources */ = {isa = PBXBuildFile; fileRef = D9DBE81428A1B77400750F34 /* TomatoFarm.swift */; };
		D9E90B4D28DA5C4000C40B0C /* HouseRobber3.swift in Sources */ = {isa = PBXBuildFile; fileRef = D9E90B4C28DA5C4000C40B0C /* HouseRobber3.swift */; };
		D9E90B4F28DA874300C40B0C /* ArithmeticSlices.swift in Sources */ = {isa = PBXBuildFile; fileRef = D9E90B4E28DA874300C40B0C /* ArithmeticSlices.swift */; };
		D9E90B5128DBA89900C40B0C /* JumpGame.swift in Sources */ = {isa = PBXBuildFile; fileRef = D9E90B5028DBA89900C40B0C /* JumpGame.swift */; };
		D9EC682728A2DED300066FCF /* Bridges.swift in Sources */ = {isa = PBXBuildFile; fileRef = D9EC682628A2DED300066FCF /* Bridges.swift */; };
		D9EC682B28A4329C00066FCF /* CourseSchedule.swift in Sources */ = {isa = PBXBuildFile; fileRef = D9EC682A28A4329C00066FCF /* CourseSchedule.swift */; };
		D9EC682D28A4642700066FCF /* CourseSchedule2.swift in Sources */ = {isa = PBXBuildFile; fileRef = D9EC682C28A4642700066FCF /* CourseSchedule2.swift */; };
		D9EC683028A8284500066FCF /* TwoCityScheduling.swift in Sources */ = {isa = PBXBuildFile; fileRef = D9EC682F28A8284500066FCF /* TwoCityScheduling.swift */; };
		D9EC683228A86FE700066FCF /* MeetingRooms.swift in Sources */ = {isa = PBXBuildFile; fileRef = D9EC683128A86FE700066FCF /* MeetingRooms.swift */; };
		D9EC683428A8A48400066FCF /* GasStation.swift in Sources */ = {isa = PBXBuildFile; fileRef = D9EC683328A8A48400066FCF /* GasStation.swift */; };
		D9EC683628A9A2C700066FCF /* PartitionLabels.swift in Sources */ = {isa = PBXBuildFile; fileRef = D9EC683528A9A2C700066FCF /* PartitionLabels.swift */; };
		D9EC683828AAE5B100066FCF /* TaskScheduler.swift in Sources */ = {isa = PBXBuildFile; fileRef = D9EC683728AAE5B100066FCF /* TaskScheduler.swift */; };
		D9EC683B28AC3D8400066FCF /* UnionFind.swift in Sources */ = {isa = PBXBuildFile; fileRef = D9EC683A28AC3D8400066FCF /* UnionFind.swift */; };
		D9EC683D28AC5CD100066FCF /* RedundantConnection.swift in Sources */ = {isa = PBXBuildFile; fileRef = D9EC683C28AC5CD100066FCF /* RedundantConnection.swift */; };
		D9EC683F28AD795400066FCF /* LongestConsecutiveSequence.swift in Sources */ = {isa = PBXBuildFile; fileRef = D9EC683E28AD795400066FCF /* LongestConsecutiveSequence.swift */; };
		D9EC684128AD989D00066FCF /* TheNumberOfProvinces.swift in Sources */ = {isa = PBXBuildFile; fileRef = D9EC684028AD989D00066FCF /* TheNumberOfProvinces.swift */; };
		D9EC684428AEB5C200066FCF /* MinimumCostFlow.swift in Sources */ = {isa = PBXBuildFile; fileRef = D9EC684328AEB5C200066FCF /* MinimumCostFlow.swift */; };
		D9EC684628AFFF4000066FCF /* MinimumTestFlowTest.swift in Sources */ = {isa = PBXBuildFile; fileRef = D9EC684528AFFF4000066FCF /* MinimumTestFlowTest.swift */; };
		D9EC684828B1680400066FCF /* MinCostConnectedAllPoints.swift in Sources */ = {isa = PBXBuildFile; fileRef = D9EC684728B1680400066FCF /* MinCostConnectedAllPoints.swift */; };
		D9EC684A28B3024600066FCF /* MaxIncreaseToKeepCitySkyline.swift in Sources */ = {isa = PBXBuildFile; fileRef = D9EC684928B3024600066FCF /* MaxIncreaseToKeepCitySkyline.swift */; };
		D9EC684C28B3335800066FCF /* BoatsToSavePeople.swift in Sources */ = {isa = PBXBuildFile; fileRef = D9EC684B28B3335800066FCF /* BoatsToSavePeople.swift */; };
		D9EC685128B5491B00066FCF /* NetworkDelayTime.swift in Sources */ = {isa = PBXBuildFile; fileRef = D9EC685028B5491B00066FCF /* NetworkDelayTime.swift */; };
		D9EC685328B577E300066FCF /* CheapestFlightWithinKStop.swift in Sources */ = {isa = PBXBuildFile; fileRef = D9EC685228B577E300066FCF /* CheapestFlightWithinKStop.swift */; };
		D9EC685528B6CCC200066FCF /* PathWithMaximumProbability.swift in Sources */ = {isa = PBXBuildFile; fileRef = D9EC685428B6CCC200066FCF /* PathWithMaximumProbability.swift */; };
		D9EC685728B754CD00066FCF /* PathWithMinimumEffort.swift in Sources */ = {isa = PBXBuildFile; fileRef = D9EC685628B754CD00066FCF /* PathWithMinimumEffort.swift */; };
		D9EC685E28B8C0D700066FCF /* 2xNTiles.swift in Sources */ = {isa = PBXBuildFile; fileRef = D9EC685D28B8C0D700066FCF /* 2xNTiles.swift */; };
		D9EC686428B92C7E00066FCF /* lps.swift in Sources */ = {isa = PBXBuildFile; fileRef = D9EC686328B92C7E00066FCF /* lps.swift */; };
		D9EC686628B9332B00066FCF /* happy.swift in Sources */ = {isa = PBXBuildFile; fileRef = D9EC686528B9332B00066FCF /* happy.swift */; };
		D9EC686828B936E600066FCF /* corona.swift in Sources */ = {isa = PBXBuildFile; fileRef = D9EC686728B936E600066FCF /* corona.swift */; };
		D9EC686A28B939AB00066FCF /* duplicate.swift in Sources */ = {isa = PBXBuildFile; fileRef = D9EC686928B939AB00066FCF /* duplicate.swift */; };
		D9EC686C28B93D5400066FCF /* patternMatch.swift in Sources */ = {isa = PBXBuildFile; fileRef = D9EC686B28B93D5400066FCF /* patternMatch.swift */; };
		D9EC686E28B93F2D00066FCF /* lcs.swift in Sources */ = {isa = PBXBuildFile; fileRef = D9EC686D28B93F2C00066FCF /* lcs.swift */; };
		D9EC687028BAB94F00066FCF /* FindTheCity.swift in Sources */ = {isa = PBXBuildFile; fileRef = D9EC686F28BAB94F00066FCF /* FindTheCity.swift */; };
/* End PBXBuildFile section */

/* Begin PBXCopyFilesBuildPhase section */
		D92842E0287C9D6B00EA2C41 /* CopyFiles */ = {
			isa = PBXCopyFilesBuildPhase;
			buildActionMask = 2147483647;
			dstPath = /usr/share/man/man1/;
			dstSubfolderSpec = 0;
			files = (
			);
			runOnlyForDeploymentPostprocessing = 1;
		};
/* End PBXCopyFilesBuildPhase section */

/* Begin PBXFileReference section */
		D916FFCE28EAB1C600DC0522 /* NumberOfWaysToArriveAtDestiantion.swift */ = {isa = PBXFileReference; lastKnownFileType = sourcecode.swift; path = NumberOfWaysToArriveAtDestiantion.swift; sourceTree = "<group>"; };
		D916FFD128EB6FCA00DC0522 /* IndexPriorityQueue.swift */ = {isa = PBXFileReference; lastKnownFileType = sourcecode.swift; path = IndexPriorityQueue.swift; sourceTree = "<group>"; };
		D916FFD328EE288400DC0522 /* ThreeSum.swift */ = {isa = PBXFileReference; lastKnownFileType = sourcecode.swift; path = ThreeSum.swift; sourceTree = "<group>"; };
		D916FFD528EF82F300DC0522 /* TwoSum.swift */ = {isa = PBXFileReference; lastKnownFileType = sourcecode.swift; path = TwoSum.swift; sourceTree = "<group>"; };
		D916FFD728EF9ED400DC0522 /* BestTimeToBuyAndSellStock.swift */ = {isa = PBXFileReference; lastKnownFileType = sourcecode.swift; path = BestTimeToBuyAndSellStock.swift; sourceTree = "<group>"; };
		D916FFD928F228DF00DC0522 /* LongestIncreasingPathInAMatrix.swift */ = {isa = PBXFileReference; lastKnownFileType = sourcecode.swift; path = LongestIncreasingPathInAMatrix.swift; sourceTree = "<group>"; };
		D92842E2287C9D6B00EA2C41 /* Swift-AGDS */ = {isa = PBXFileReference; explicitFileType = "compiled.mach-o.executable"; includeInIndex = 0; path = "Swift-AGDS"; sourceTree = BUILT_PRODUCTS_DIR; };
		D92842E5287C9D6B00EA2C41 /* main.swift */ = {isa = PBXFileReference; lastKnownFileType = sourcecode.swift; path = main.swift; sourceTree = "<group>"; };
		D92842ED287C9D9C00EA2C41 /* Recursion.swift */ = {isa = PBXFileReference; lastKnownFileType = sourcecode.swift; path = Recursion.swift; sourceTree = "<group>"; };
		D92842EF287CA11700EA2C41 /* String+DPStringTool.swift */ = {isa = PBXFileReference; fileEncoding = 4; lastKnownFileType = sourcecode.swift; path = "String+DPStringTool.swift"; sourceTree = "<group>"; };
		D92842F1287CBEBB00EA2C41 /* story.txt */ = {isa = PBXFileReference; lastKnownFileType = text; name = story.txt; path = "Swift-AGDS/story.txt"; sourceTree = SOURCE_ROOT; };
		D928430D287F2F6800EA2C41 /* ExhaustiveSearch.swift */ = {isa = PBXFileReference; lastKnownFileType = sourcecode.swift; path = ExhaustiveSearch.swift; sourceTree = "<group>"; };
		D928430F287F3EC500EA2C41 /* BackTracking.swift */ = {isa = PBXFileReference; lastKnownFileType = sourcecode.swift; path = BackTracking.swift; sourceTree = "<group>"; };
		D9284312287F4AFF00EA2C41 /* Board.swift */ = {isa = PBXFileReference; fileEncoding = 4; lastKnownFileType = sourcecode.swift; path = Board.swift; sourceTree = "<group>"; };
		D9284314287F4B0A00EA2C41 /* QueensSolver.swift */ = {isa = PBXFileReference; fileEncoding = 4; lastKnownFileType = sourcecode.swift; path = QueensSolver.swift; sourceTree = "<group>"; };
		D93B3750288862060087FF32 /* Bag.swift */ = {isa = PBXFileReference; lastKnownFileType = sourcecode.swift; path = Bag.swift; sourceTree = "<group>"; };
		D93B375228888D050087FF32 /* Stack.swift */ = {isa = PBXFileReference; lastKnownFileType = sourcecode.swift; path = Stack.swift; sourceTree = "<group>"; };
		D93B375428888D0D0087FF32 /* Queue.swift */ = {isa = PBXFileReference; lastKnownFileType = sourcecode.swift; path = Queue.swift; sourceTree = "<group>"; };
		D93B37582888D7E40087FF32 /* KMPAlgorithm.swift */ = {isa = PBXFileReference; lastKnownFileType = sourcecode.swift; path = KMPAlgorithm.swift; sourceTree = "<group>"; };
		D93E115C28A04F1D004E3582 /* AllPathsSourceTarget.swift */ = {isa = PBXFileReference; lastKnownFileType = sourcecode.swift; path = AllPathsSourceTarget.swift; sourceTree = "<group>"; };
		D9451E90289053CF00538EF4 /* DFS.swift */ = {isa = PBXFileReference; lastKnownFileType = sourcecode.swift; path = DFS.swift; sourceTree = "<group>"; };
		D9451E9228905F2600538EF4 /* ConnectedComponents.swift */ = {isa = PBXFileReference; lastKnownFileType = sourcecode.swift; path = ConnectedComponents.swift; sourceTree = "<group>"; };
		D9451E962890BE3300538EF4 /* IsBipartite.swift */ = {isa = PBXFileReference; lastKnownFileType = sourcecode.swift; path = IsBipartite.swift; sourceTree = "<group>"; };
		D9451E9828920E2400538EF4 /* CirclePermutation.swift */ = {isa = PBXFileReference; lastKnownFileType = sourcecode.swift; path = CirclePermutation.swift; sourceTree = "<group>"; };
		D9451E9A2892263000538EF4 /* RepeatingSequence.swift */ = {isa = PBXFileReference; lastKnownFileType = sourcecode.swift; path = RepeatingSequence.swift; sourceTree = "<group>"; };
		D9457ADF28DBB2B10035FC9A /* JumpGame2.swift */ = {isa = PBXFileReference; lastKnownFileType = sourcecode.swift; path = JumpGame2.swift; sourceTree = "<group>"; };
		D9457AE128DBBC5E0035FC9A /* GenerateParentheses.swift */ = {isa = PBXFileReference; lastKnownFileType = sourcecode.swift; path = GenerateParentheses.swift; sourceTree = "<group>"; };
		D9457AE328DBC6270035FC9A /* UniquePaths.swift */ = {isa = PBXFileReference; lastKnownFileType = sourcecode.swift; path = UniquePaths.swift; sourceTree = "<group>"; };
		D9457AE528DD430F0035FC9A /* TrappingRainWater.swift */ = {isa = PBXFileReference; lastKnownFileType = sourcecode.swift; path = TrappingRainWater.swift; sourceTree = "<group>"; };
		D951607E2885F9190028A834 /* QuickSort.swift */ = {isa = PBXFileReference; lastKnownFileType = sourcecode.swift; path = QuickSort.swift; sourceTree = "<group>"; };
		D959E6E428E3C22500A96F0A /* FindFirstAndLastPosition.swift */ = {isa = PBXFileReference; lastKnownFileType = sourcecode.swift; path = FindFirstAndLastPosition.swift; sourceTree = "<group>"; };
		D963E87B28CC0A3600A99761 /* LenghtOfLIS.swift */ = {isa = PBXFileReference; lastKnownFileType = sourcecode.swift; path = LenghtOfLIS.swift; sourceTree = "<group>"; };
		D963E87F28CD515300A99761 /* PrettyNumber.swift */ = {isa = PBXFileReference; lastKnownFileType = sourcecode.swift; path = PrettyNumber.swift; sourceTree = "<group>"; };
		D97201F52899913600F4CB23 /* FindTheTownJudge.swift */ = {isa = PBXFileReference; lastKnownFileType = sourcecode.swift; path = FindTheTownJudge.swift; sourceTree = "<group>"; };
		D97201F72899914F00F4CB23 /* NumberOfProvinces.swift */ = {isa = PBXFileReference; lastKnownFileType = sourcecode.swift; path = NumberOfProvinces.swift; sourceTree = "<group>"; };
		D97201F92899916D00F4CB23 /* FindCenterOfStarGraph.swift */ = {isa = PBXFileReference; lastKnownFileType = sourcecode.swift; path = FindCenterOfStarGraph.swift; sourceTree = "<group>"; };
		D97201FF289C370B00F4CB23 /* LowestCommonAncestor.swift */ = {isa = PBXFileReference; lastKnownFileType = sourcecode.swift; path = LowestCommonAncestor.swift; sourceTree = "<group>"; };
		D9720201289C506500F4CB23 /* SushiRestaurant.swift */ = {isa = PBXFileReference; lastKnownFileType = sourcecode.swift; path = SushiRestaurant.swift; sourceTree = "<group>"; };
		D99080AF28945E8C0074F7C5 /* myParent.swift */ = {isa = PBXFileReference; lastKnownFileType = sourcecode.swift; path = myParent.swift; sourceTree = "<group>"; };
		D99080B12896EB290074F7C5 /* Diameter.swift */ = {isa = PBXFileReference; lastKnownFileType = sourcecode.swift; path = Diameter.swift; sourceTree = "<group>"; };
		D9DBE80F28A176F500750F34 /* Maze.swift */ = {isa = PBXFileReference; lastKnownFileType = sourcecode.swift; path = Maze.swift; sourceTree = "<group>"; };
		D9DBE81228A195C200750F34 /* FloodFill.swift */ = {isa = PBXFileReference; lastKnownFileType = sourcecode.swift; path = FloodFill.swift; sourceTree = "<group>"; };
		D9DBE81428A1B77400750F34 /* TomatoFarm.swift */ = {isa = PBXFileReference; lastKnownFileType = sourcecode.swift; path = TomatoFarm.swift; sourceTree = "<group>"; };
		D9E90B4C28DA5C4000C40B0C /* HouseRobber3.swift */ = {isa = PBXFileReference; lastKnownFileType = sourcecode.swift; path = HouseRobber3.swift; sourceTree = "<group>"; };
		D9E90B4E28DA874300C40B0C /* ArithmeticSlices.swift */ = {isa = PBXFileReference; lastKnownFileType = sourcecode.swift; path = ArithmeticSlices.swift; sourceTree = "<group>"; };
		D9E90B5028DBA89900C40B0C /* JumpGame.swift */ = {isa = PBXFileReference; lastKnownFileType = sourcecode.swift; path = JumpGame.swift; sourceTree = "<group>"; };
		D9EC682628A2DED300066FCF /* Bridges.swift */ = {isa = PBXFileReference; lastKnownFileType = sourcecode.swift; path = Bridges.swift; sourceTree = "<group>"; };
		D9EC682A28A4329C00066FCF /* CourseSchedule.swift */ = {isa = PBXFileReference; lastKnownFileType = sourcecode.swift; path = CourseSchedule.swift; sourceTree = "<group>"; };
		D9EC682C28A4642700066FCF /* CourseSchedule2.swift */ = {isa = PBXFileReference; lastKnownFileType = sourcecode.swift; path = CourseSchedule2.swift; sourceTree = "<group>"; };
		D9EC682F28A8284500066FCF /* TwoCityScheduling.swift */ = {isa = PBXFileReference; lastKnownFileType = sourcecode.swift; path = TwoCityScheduling.swift; sourceTree = "<group>"; };
		D9EC683128A86FE700066FCF /* MeetingRooms.swift */ = {isa = PBXFileReference; lastKnownFileType = sourcecode.swift; path = MeetingRooms.swift; sourceTree = "<group>"; };
		D9EC683328A8A48400066FCF /* GasStation.swift */ = {isa = PBXFileReference; lastKnownFileType = sourcecode.swift; path = GasStation.swift; sourceTree = "<group>"; };
		D9EC683528A9A2C700066FCF /* PartitionLabels.swift */ = {isa = PBXFileReference; lastKnownFileType = sourcecode.swift; path = PartitionLabels.swift; sourceTree = "<group>"; };
		D9EC683728AAE5B100066FCF /* TaskScheduler.swift */ = {isa = PBXFileReference; lastKnownFileType = sourcecode.swift; path = TaskScheduler.swift; sourceTree = "<group>"; };
		D9EC683A28AC3D8400066FCF /* UnionFind.swift */ = {isa = PBXFileReference; lastKnownFileType = sourcecode.swift; path = UnionFind.swift; sourceTree = "<group>"; };
		D9EC683C28AC5CD100066FCF /* RedundantConnection.swift */ = {isa = PBXFileReference; lastKnownFileType = sourcecode.swift; path = RedundantConnection.swift; sourceTree = "<group>"; };
		D9EC683E28AD795400066FCF /* LongestConsecutiveSequence.swift */ = {isa = PBXFileReference; lastKnownFileType = sourcecode.swift; path = LongestConsecutiveSequence.swift; sourceTree = "<group>"; };
		D9EC684028AD989D00066FCF /* TheNumberOfProvinces.swift */ = {isa = PBXFileReference; lastKnownFileType = sourcecode.swift; path = TheNumberOfProvinces.swift; sourceTree = "<group>"; };
		D9EC684328AEB5C200066FCF /* MinimumCostFlow.swift */ = {isa = PBXFileReference; lastKnownFileType = sourcecode.swift; path = MinimumCostFlow.swift; sourceTree = "<group>"; };
		D9EC684528AFFF4000066FCF /* MinimumTestFlowTest.swift */ = {isa = PBXFileReference; lastKnownFileType = sourcecode.swift; path = MinimumTestFlowTest.swift; sourceTree = "<group>"; };
		D9EC684728B1680400066FCF /* MinCostConnectedAllPoints.swift */ = {isa = PBXFileReference; lastKnownFileType = sourcecode.swift; path = MinCostConnectedAllPoints.swift; sourceTree = "<group>"; };
		D9EC684928B3024600066FCF /* MaxIncreaseToKeepCitySkyline.swift */ = {isa = PBXFileReference; lastKnownFileType = sourcecode.swift; path = MaxIncreaseToKeepCitySkyline.swift; sourceTree = "<group>"; };
		D9EC684B28B3335800066FCF /* BoatsToSavePeople.swift */ = {isa = PBXFileReference; lastKnownFileType = sourcecode.swift; path = BoatsToSavePeople.swift; sourceTree = "<group>"; };
		D9EC685028B5491B00066FCF /* NetworkDelayTime.swift */ = {isa = PBXFileReference; lastKnownFileType = sourcecode.swift; path = NetworkDelayTime.swift; sourceTree = "<group>"; };
		D9EC685228B577E300066FCF /* CheapestFlightWithinKStop.swift */ = {isa = PBXFileReference; lastKnownFileType = sourcecode.swift; path = CheapestFlightWithinKStop.swift; sourceTree = "<group>"; };
		D9EC685428B6CCC200066FCF /* PathWithMaximumProbability.swift */ = {isa = PBXFileReference; lastKnownFileType = sourcecode.swift; path = PathWithMaximumProbability.swift; sourceTree = "<group>"; };
		D9EC685628B754CD00066FCF /* PathWithMinimumEffort.swift */ = {isa = PBXFileReference; lastKnownFileType = sourcecode.swift; path = PathWithMinimumEffort.swift; sourceTree = "<group>"; };
		D9EC685D28B8C0D700066FCF /* 2xNTiles.swift */ = {isa = PBXFileReference; lastKnownFileType = sourcecode.swift; path = 2xNTiles.swift; sourceTree = "<group>"; };
		D9EC686328B92C7E00066FCF /* lps.swift */ = {isa = PBXFileReference; lastKnownFileType = sourcecode.swift; path = lps.swift; sourceTree = "<group>"; };
		D9EC686528B9332B00066FCF /* happy.swift */ = {isa = PBXFileReference; lastKnownFileType = sourcecode.swift; path = happy.swift; sourceTree = "<group>"; };
		D9EC686728B936E600066FCF /* corona.swift */ = {isa = PBXFileReference; lastKnownFileType = sourcecode.swift; path = corona.swift; sourceTree = "<group>"; };
		D9EC686928B939AB00066FCF /* duplicate.swift */ = {isa = PBXFileReference; lastKnownFileType = sourcecode.swift; path = duplicate.swift; sourceTree = "<group>"; };
		D9EC686B28B93D5400066FCF /* patternMatch.swift */ = {isa = PBXFileReference; lastKnownFileType = sourcecode.swift; path = patternMatch.swift; sourceTree = "<group>"; };
		D9EC686D28B93F2C00066FCF /* lcs.swift */ = {isa = PBXFileReference; lastKnownFileType = sourcecode.swift; path = lcs.swift; sourceTree = "<group>"; };
		D9EC686F28BAB94F00066FCF /* FindTheCity.swift */ = {isa = PBXFileReference; lastKnownFileType = sourcecode.swift; path = FindTheCity.swift; sourceTree = "<group>"; };
/* End PBXFileReference section */

/* Begin PBXFrameworksBuildPhase section */
		D92842DF287C9D6B00EA2C41 /* Frameworks */ = {
			isa = PBXFrameworksBuildPhase;
			buildActionMask = 2147483647;
			files = (
			);
			runOnlyForDeploymentPostprocessing = 0;
		};
/* End PBXFrameworksBuildPhase section */

/* Begin PBXGroup section */
		D916FFD028EB6A7F00DC0522 /* LeetCode50 */ = {
			isa = PBXGroup;
			children = (
				D9E90B5028DBA89900C40B0C /* JumpGame.swift */,
				D9457ADF28DBB2B10035FC9A /* JumpGame2.swift */,
				D9457AE128DBBC5E0035FC9A /* GenerateParentheses.swift */,
				D9457AE328DBC6270035FC9A /* UniquePaths.swift */,
				D9457AE528DD430F0035FC9A /* TrappingRainWater.swift */,
				D959E6E428E3C22500A96F0A /* FindFirstAndLastPosition.swift */,
				D916FFCE28EAB1C600DC0522 /* NumberOfWaysToArriveAtDestiantion.swift */,
				D916FFD328EE288400DC0522 /* ThreeSum.swift */,
				D916FFD528EF82F300DC0522 /* TwoSum.swift */,
				D9E90B4E28DA874300C40B0C /* ArithmeticSlices.swift */,
				D9E90B4C28DA5C4000C40B0C /* HouseRobber3.swift */,
				D916FFD728EF9ED400DC0522 /* BestTimeToBuyAndSellStock.swift */,
				D916FFD928F228DF00DC0522 /* LongestIncreasingPathInAMatrix.swift */,
			);
			path = LeetCode50;
			sourceTree = "<group>";
		};
		D92842D9287C9D6B00EA2C41 = {
			isa = PBXGroup;
			children = (
				D92842E4287C9D6B00EA2C41 /* Swift-AGDS */,
				D92842E3287C9D6B00EA2C41 /* Products */,
			);
			sourceTree = "<group>";
		};
		D92842E3287C9D6B00EA2C41 /* Products */ = {
			isa = PBXGroup;
			children = (
				D92842E2287C9D6B00EA2C41 /* Swift-AGDS */,
			);
			name = Products;
			sourceTree = "<group>";
		};
		D92842E4287C9D6B00EA2C41 /* Swift-AGDS */ = {
			isa = PBXGroup;
			children = (
				D916FFD028EB6A7F00DC0522 /* LeetCode50 */,
				D9EC685C28B8C0B400066FCF /* DynamicProgramming */,
				D9EC684D28B3F7A500066FCF /* ShortestPath */,
				D9EC684228AEB5A500066FCF /* MinimumSpanningTree */,
				D9EC683928AC3D4100066FCF /* UnionFind */,
				D9EC682E28A8281600066FCF /* GreedyAlgorithm */,
				D9EC682928A4326700066FCF /* TopologicalSort */,
				D9DBE81128A195AC00750F34 /* FloodFill */,
				D99080AE28945B4E0074F7C5 /* Graph */,
				D9451E90289053CF00538EF4 /* DFS.swift */,
				D9451E9228905F2600538EF4 /* ConnectedComponents.swift */,
				D93B37572888D7D20087FF32 /* KMPAlgorithm */,
				D93B374F288861DD0087FF32 /* DataStructures1 */,
				D951607B2885BD510028A834 /* SearchingSorting */,
				D9284311287F4A1300EA2C41 /* MiniProject2 */,
				D92842EF287CA11700EA2C41 /* String+DPStringTool.swift */,
				D92842EC287C9D8700EA2C41 /* Recursion */,
				D92842E5287C9D6B00EA2C41 /* main.swift */,
				D9451E962890BE3300538EF4 /* IsBipartite.swift */,
				D9DBE80F28A176F500750F34 /* Maze.swift */,
				D9EC686328B92C7E00066FCF /* lps.swift */,
				D9EC686528B9332B00066FCF /* happy.swift */,
				D9EC686728B936E600066FCF /* corona.swift */,
				D9EC686928B939AB00066FCF /* duplicate.swift */,
				D9EC686B28B93D5400066FCF /* patternMatch.swift */,
				D9EC686D28B93F2C00066FCF /* lcs.swift */,
			);
			path = "Swift-AGDS";
			sourceTree = "<group>";
		};
		D92842EC287C9D8700EA2C41 /* Recursion */ = {
			isa = PBXGroup;
			children = (
				D92842F1287CBEBB00EA2C41 /* story.txt */,
				D92842ED287C9D9C00EA2C41 /* Recursion.swift */,
				D928430D287F2F6800EA2C41 /* ExhaustiveSearch.swift */,
				D928430F287F3EC500EA2C41 /* BackTracking.swift */,
			);
			path = Recursion;
			sourceTree = "<group>";
		};
		D9284311287F4A1300EA2C41 /* MiniProject2 */ = {
			isa = PBXGroup;
			children = (
				D9284312287F4AFF00EA2C41 /* Board.swift */,
				D9284314287F4B0A00EA2C41 /* QueensSolver.swift */,
			);
			path = MiniProject2;
			sourceTree = "<group>";
		};
		D93B374F288861DD0087FF32 /* DataStructures1 */ = {
			isa = PBXGroup;
			children = (
				D93B3750288862060087FF32 /* Bag.swift */,
				D93B375228888D050087FF32 /* Stack.swift */,
				D93B375428888D0D0087FF32 /* Queue.swift */,
				D916FFD128EB6FCA00DC0522 /* IndexPriorityQueue.swift */,
			);
			path = DataStructures1;
			sourceTree = "<group>";
		};
		D93B37572888D7D20087FF32 /* KMPAlgorithm */ = {
			isa = PBXGroup;
			children = (
				D93B37582888D7E40087FF32 /* KMPAlgorithm.swift */,
			);
			path = KMPAlgorithm;
			sourceTree = "<group>";
		};
		D951607B2885BD510028A834 /* SearchingSorting */ = {
			isa = PBXGroup;
			children = (
				D951607E2885F9190028A834 /* QuickSort.swift */,
			);
			path = SearchingSorting;
			sourceTree = "<group>";
		};
		D99080AE28945B4E0074F7C5 /* Graph */ = {
			isa = PBXGroup;
			children = (
				D9451E9A2892263000538EF4 /* RepeatingSequence.swift */,
				D9451E9828920E2400538EF4 /* CirclePermutation.swift */,
				D99080AF28945E8C0074F7C5 /* myParent.swift */,
				D99080B12896EB290074F7C5 /* Diameter.swift */,
				D97201F52899913600F4CB23 /* FindTheTownJudge.swift */,
				D97201F72899914F00F4CB23 /* NumberOfProvinces.swift */,
				D97201F92899916D00F4CB23 /* FindCenterOfStarGraph.swift */,
				D97201FF289C370B00F4CB23 /* LowestCommonAncestor.swift */,
				D9720201289C506500F4CB23 /* SushiRestaurant.swift */,
				D93E115C28A04F1D004E3582 /* AllPathsSourceTarget.swift */,
			);
			path = Graph;
			sourceTree = "<group>";
		};
		D9DBE81128A195AC00750F34 /* FloodFill */ = {
			isa = PBXGroup;
			children = (
				D9DBE81228A195C200750F34 /* FloodFill.swift */,
				D9DBE81428A1B77400750F34 /* TomatoFarm.swift */,
				D9EC682628A2DED300066FCF /* Bridges.swift */,
			);
			path = FloodFill;
			sourceTree = "<group>";
		};
		D9EC682928A4326700066FCF /* TopologicalSort */ = {
			isa = PBXGroup;
			children = (
				D9EC682A28A4329C00066FCF /* CourseSchedule.swift */,
				D9EC682C28A4642700066FCF /* CourseSchedule2.swift */,
			);
			path = TopologicalSort;
			sourceTree = "<group>";
		};
		D9EC682E28A8281600066FCF /* GreedyAlgorithm */ = {
			isa = PBXGroup;
			children = (
				D9EC682F28A8284500066FCF /* TwoCityScheduling.swift */,
				D9EC683128A86FE700066FCF /* MeetingRooms.swift */,
				D9EC683328A8A48400066FCF /* GasStation.swift */,
				D9EC683528A9A2C700066FCF /* PartitionLabels.swift */,
				D9EC683728AAE5B100066FCF /* TaskScheduler.swift */,
				D9EC684928B3024600066FCF /* MaxIncreaseToKeepCitySkyline.swift */,
				D9EC684B28B3335800066FCF /* BoatsToSavePeople.swift */,
			);
			path = GreedyAlgorithm;
			sourceTree = "<group>";
		};
		D9EC683928AC3D4100066FCF /* UnionFind */ = {
			isa = PBXGroup;
			children = (
				D9EC683A28AC3D8400066FCF /* UnionFind.swift */,
				D9EC683C28AC5CD100066FCF /* RedundantConnection.swift */,
				D9EC683E28AD795400066FCF /* LongestConsecutiveSequence.swift */,
				D9EC684028AD989D00066FCF /* TheNumberOfProvinces.swift */,
			);
			path = UnionFind;
			sourceTree = "<group>";
		};
		D9EC684228AEB5A500066FCF /* MinimumSpanningTree */ = {
			isa = PBXGroup;
			children = (
				D9EC684328AEB5C200066FCF /* MinimumCostFlow.swift */,
				D9EC684528AFFF4000066FCF /* MinimumTestFlowTest.swift */,
				D9EC684728B1680400066FCF /* MinCostConnectedAllPoints.swift */,
			);
			path = MinimumSpanningTree;
			sourceTree = "<group>";
		};
		D9EC684D28B3F7A500066FCF /* ShortestPath */ = {
			isa = PBXGroup;
			children = (
				D9EC685028B5491B00066FCF /* NetworkDelayTime.swift */,
				D9EC685228B577E300066FCF /* CheapestFlightWithinKStop.swift */,
				D9EC685428B6CCC200066FCF /* PathWithMaximumProbability.swift */,
				D9EC685628B754CD00066FCF /* PathWithMinimumEffort.swift */,
				D9EC686F28BAB94F00066FCF /* FindTheCity.swift */,
			);
			path = ShortestPath;
			sourceTree = "<group>";
		};
		D9EC685C28B8C0B400066FCF /* DynamicProgramming */ = {
			isa = PBXGroup;
			children = (
				D9EC685D28B8C0D700066FCF /* 2xNTiles.swift */,
				D963E87B28CC0A3600A99761 /* LenghtOfLIS.swift */,
				D963E87F28CD515300A99761 /* PrettyNumber.swift */,
			);
			path = DynamicProgramming;
			sourceTree = "<group>";
		};
/* End PBXGroup section */

/* Begin PBXNativeTarget section */
		D92842E1287C9D6B00EA2C41 /* Swift-AGDS */ = {
			isa = PBXNativeTarget;
			buildConfigurationList = D92842E9287C9D6B00EA2C41 /* Build configuration list for PBXNativeTarget "Swift-AGDS" */;
			buildPhases = (
				D92842DE287C9D6B00EA2C41 /* Sources */,
				D92842DF287C9D6B00EA2C41 /* Frameworks */,
				D92842E0287C9D6B00EA2C41 /* CopyFiles */,
			);
			buildRules = (
			);
			dependencies = (
			);
			name = "Swift-AGDS";
			productName = "Swift-AGDS";
			productReference = D92842E2287C9D6B00EA2C41 /* Swift-AGDS */;
			productType = "com.apple.product-type.tool";
		};
/* End PBXNativeTarget section */

/* Begin PBXProject section */
		D92842DA287C9D6B00EA2C41 /* Project object */ = {
			isa = PBXProject;
			attributes = {
				BuildIndependentTargetsInParallel = 1;
				LastSwiftUpdateCheck = 1340;
				LastUpgradeCheck = 1340;
				TargetAttributes = {
					D92842E1287C9D6B00EA2C41 = {
						CreatedOnToolsVersion = 13.4.1;
					};
				};
			};
			buildConfigurationList = D92842DD287C9D6B00EA2C41 /* Build configuration list for PBXProject "Swift-AGDS" */;
			compatibilityVersion = "Xcode 13.0";
			developmentRegion = en;
			hasScannedForEncodings = 0;
			knownRegions = (
				en,
				Base,
			);
			mainGroup = D92842D9287C9D6B00EA2C41;
			productRefGroup = D92842E3287C9D6B00EA2C41 /* Products */;
			projectDirPath = "";
			projectRoot = "";
			targets = (
				D92842E1287C9D6B00EA2C41 /* Swift-AGDS */,
			);
		};
/* End PBXProject section */

/* Begin PBXSourcesBuildPhase section */
		D92842DE287C9D6B00EA2C41 /* Sources */ = {
			isa = PBXSourcesBuildPhase;
			buildActionMask = 2147483647;
			files = (
				D9451E9B2892263000538EF4 /* RepeatingSequence.swift in Sources */,
				D99080B028945E8C0074F7C5 /* myParent.swift in Sources */,
				D9451E91289053CF00538EF4 /* DFS.swift in Sources */,
				D9451E9328905F2600538EF4 /* ConnectedComponents.swift in Sources */,
				D9EC683828AAE5B100066FCF /* TaskScheduler.swift in Sources */,
				D9EC684128AD989D00066FCF /* TheNumberOfProvinces.swift in Sources */,
				D97201F82899914F00F4CB23 /* NumberOfProvinces.swift in Sources */,
				D9720202289C506500F4CB23 /* SushiRestaurant.swift in Sources */,
				D9EC683D28AC5CD100066FCF /* RedundantConnection.swift in Sources */,
				D9EC687028BAB94F00066FCF /* FindTheCity.swift in Sources */,
				D92842F0287CA11700EA2C41 /* String+DPStringTool.swift in Sources */,
				D9EC686428B92C7E00066FCF /* lps.swift in Sources */,
				D916FFDA28F228DF00DC0522 /* LongestIncreasingPathInAMatrix.swift in Sources */,
				D916FFD628EF82F300DC0522 /* TwoSum.swift in Sources */,
				D9EC682B28A4329C00066FCF /* CourseSchedule.swift in Sources */,
				D99080B22896EB290074F7C5 /* Diameter.swift in Sources */,
				D9EC685328B577E300066FCF /* CheapestFlightWithinKStop.swift in Sources */,
				D9EC685128B5491B00066FCF /* NetworkDelayTime.swift in Sources */,
				D9EC683628A9A2C700066FCF /* PartitionLabels.swift in Sources */,
				D9E90B5128DBA89900C40B0C /* JumpGame.swift in Sources */,
				D9DBE81028A176F500750F34 /* Maze.swift in Sources */,
				D928430E287F2F6800EA2C41 /* ExhaustiveSearch.swift in Sources */,
				D9EC683028A8284500066FCF /* TwoCityScheduling.swift in Sources */,
				D9EC683B28AC3D8400066FCF /* UnionFind.swift in Sources */,
				D93E115D28A04F1D004E3582 /* AllPathsSourceTarget.swift in Sources */,
				D9284315287F4B0A00EA2C41 /* QueensSolver.swift in Sources */,
				D9457AE628DD430F0035FC9A /* TrappingRainWater.swift in Sources */,
				D9E90B4F28DA874300C40B0C /* ArithmeticSlices.swift in Sources */,
				D93B375528888D0D0087FF32 /* Queue.swift in Sources */,
				D9720200289C370B00F4CB23 /* LowestCommonAncestor.swift in Sources */,
				D9EC686828B936E600066FCF /* corona.swift in Sources */,
				D9EC686A28B939AB00066FCF /* duplicate.swift in Sources */,
				D9EC684A28B3024600066FCF /* MaxIncreaseToKeepCitySkyline.swift in Sources */,
				D9284313287F4AFF00EA2C41 /* Board.swift in Sources */,
				D9EC684828B1680400066FCF /* MinCostConnectedAllPoints.swift in Sources */,
				D92842EE287C9D9C00EA2C41 /* Recursion.swift in Sources */,
				D9457AE228DBBC5E0035FC9A /* GenerateParentheses.swift in Sources */,
				D9EC683228A86FE700066FCF /* MeetingRooms.swift in Sources */,
				D9EC683F28AD795400066FCF /* LongestConsecutiveSequence.swift in Sources */,
				D9EC682D28A4642700066FCF /* CourseSchedule2.swift in Sources */,
				D9457AE428DBC6270035FC9A /* UniquePaths.swift in Sources */,
				D9451E972890BE3300538EF4 /* IsBipartite.swift in Sources */,
				D9EC686628B9332B00066FCF /* happy.swift in Sources */,
				D9284310287F3EC500EA2C41 /* BackTracking.swift in Sources */,
				D93B375328888D050087FF32 /* Stack.swift in Sources */,
				D916FFCF28EAB1C600DC0522 /* NumberOfWaysToArriveAtDestiantion.swift in Sources */,
				D9EC686C28B93D5400066FCF /* patternMatch.swift in Sources */,
				D963E88028CD515300A99761 /* PrettyNumber.swift in Sources */,
				D9E90B4D28DA5C4000C40B0C /* HouseRobber3.swift in Sources */,
				D97201F62899913600F4CB23 /* FindTheTownJudge.swift in Sources */,
				D916FFD828EF9ED400DC0522 /* BestTimeToBuyAndSellStock.swift in Sources */,
				D916FFD228EB6FCA00DC0522 /* IndexPriorityQueue.swift in Sources */,
				D9EC683428A8A48400066FCF /* GasStation.swift in Sources */,
				D963E87C28CC0A3600A99761 /* LenghtOfLIS.swift in Sources */,
				D93B37592888D7E40087FF32 /* KMPAlgorithm.swift in Sources */,
				D9DBE81528A1B77400750F34 /* TomatoFarm.swift in Sources */,
				D9451E9928920E2400538EF4 /* CirclePermutation.swift in Sources */,
				D9457AE028DBB2B10035FC9A /* JumpGame2.swift in Sources */,
				D9EC685728B754CD00066FCF /* PathWithMinimumEffort.swift in Sources */,
				D9EC685528B6CCC200066FCF /* PathWithMaximumProbability.swift in Sources */,
				D92842E6287C9D6B00EA2C41 /* main.swift in Sources */,
				D9DBE81328A195C200750F34 /* FloodFill.swift in Sources */,
				D9EC684428AEB5C200066FCF /* MinimumCostFlow.swift in Sources */,
				D9EC684C28B3335800066FCF /* BoatsToSavePeople.swift in Sources */,
				D9EC685E28B8C0D700066FCF /* 2xNTiles.swift in Sources */,
				D916FFD428EE288400DC0522 /* ThreeSum.swift in Sources */,
				D93B3751288862060087FF32 /* Bag.swift in Sources */,
				D959E6E528E3C22500A96F0A /* FindFirstAndLastPosition.swift in Sources */,
				D9EC684628AFFF4000066FCF /* MinimumTestFlowTest.swift in Sources */,
				D951607F2885F9190028A834 /* QuickSort.swift in Sources */,
				D9EC682728A2DED300066FCF /* Bridges.swift in Sources */,
				D9EC686E28B93F2D00066FCF /* lcs.swift in Sources */,
				D97201FA2899916D00F4CB23 /* FindCenterOfStarGraph.swift in Sources */,
			);
			runOnlyForDeploymentPostprocessing = 0;
		};
/* End PBXSourcesBuildPhase section */

/* Begin XCBuildConfiguration section */
		D92842E7287C9D6B00EA2C41 /* Debug */ = {
			isa = XCBuildConfiguration;
			buildSettings = {
				ALWAYS_SEARCH_USER_PATHS = NO;
				CLANG_ANALYZER_NONNULL = YES;
				CLANG_ANALYZER_NUMBER_OBJECT_CONVERSION = YES_AGGRESSIVE;
				CLANG_CXX_LANGUAGE_STANDARD = "gnu++17";
				CLANG_ENABLE_MODULES = YES;
				CLANG_ENABLE_OBJC_ARC = YES;
				CLANG_ENABLE_OBJC_WEAK = YES;
				CLANG_WARN_BLOCK_CAPTURE_AUTORELEASING = YES;
				CLANG_WARN_BOOL_CONVERSION = YES;
				CLANG_WARN_COMMA = YES;
				CLANG_WARN_CONSTANT_CONVERSION = YES;
				CLANG_WARN_DEPRECATED_OBJC_IMPLEMENTATIONS = YES;
				CLANG_WARN_DIRECT_OBJC_ISA_USAGE = YES_ERROR;
				CLANG_WARN_DOCUMENTATION_COMMENTS = YES;
				CLANG_WARN_EMPTY_BODY = YES;
				CLANG_WARN_ENUM_CONVERSION = YES;
				CLANG_WARN_INFINITE_RECURSION = YES;
				CLANG_WARN_INT_CONVERSION = YES;
				CLANG_WARN_NON_LITERAL_NULL_CONVERSION = YES;
				CLANG_WARN_OBJC_IMPLICIT_RETAIN_SELF = YES;
				CLANG_WARN_OBJC_LITERAL_CONVERSION = YES;
				CLANG_WARN_OBJC_ROOT_CLASS = YES_ERROR;
				CLANG_WARN_QUOTED_INCLUDE_IN_FRAMEWORK_HEADER = YES;
				CLANG_WARN_RANGE_LOOP_ANALYSIS = YES;
				CLANG_WARN_STRICT_PROTOTYPES = YES;
				CLANG_WARN_SUSPICIOUS_MOVE = YES;
				CLANG_WARN_UNGUARDED_AVAILABILITY = YES_AGGRESSIVE;
				CLANG_WARN_UNREACHABLE_CODE = YES;
				CLANG_WARN__DUPLICATE_METHOD_MATCH = YES;
				COPY_PHASE_STRIP = NO;
				DEBUG_INFORMATION_FORMAT = dwarf;
				ENABLE_STRICT_OBJC_MSGSEND = YES;
				ENABLE_TESTABILITY = YES;
				GCC_C_LANGUAGE_STANDARD = gnu11;
				GCC_DYNAMIC_NO_PIC = NO;
				GCC_NO_COMMON_BLOCKS = YES;
				GCC_OPTIMIZATION_LEVEL = 0;
				GCC_PREPROCESSOR_DEFINITIONS = (
					"DEBUG=1",
					"$(inherited)",
				);
				GCC_WARN_64_TO_32_BIT_CONVERSION = YES;
				GCC_WARN_ABOUT_RETURN_TYPE = YES_ERROR;
				GCC_WARN_UNDECLARED_SELECTOR = YES;
				GCC_WARN_UNINITIALIZED_AUTOS = YES_AGGRESSIVE;
				GCC_WARN_UNUSED_FUNCTION = YES;
				GCC_WARN_UNUSED_VARIABLE = YES;
				MACOSX_DEPLOYMENT_TARGET = 12.3;
				MTL_ENABLE_DEBUG_INFO = INCLUDE_SOURCE;
				MTL_FAST_MATH = YES;
				ONLY_ACTIVE_ARCH = YES;
				SDKROOT = macosx;
				SWIFT_ACTIVE_COMPILATION_CONDITIONS = DEBUG;
				SWIFT_OPTIMIZATION_LEVEL = "-Onone";
			};
			name = Debug;
		};
		D92842E8287C9D6B00EA2C41 /* Release */ = {
			isa = XCBuildConfiguration;
			buildSettings = {
				ALWAYS_SEARCH_USER_PATHS = NO;
				CLANG_ANALYZER_NONNULL = YES;
				CLANG_ANALYZER_NUMBER_OBJECT_CONVERSION = YES_AGGRESSIVE;
				CLANG_CXX_LANGUAGE_STANDARD = "gnu++17";
				CLANG_ENABLE_MODULES = YES;
				CLANG_ENABLE_OBJC_ARC = YES;
				CLANG_ENABLE_OBJC_WEAK = YES;
				CLANG_WARN_BLOCK_CAPTURE_AUTORELEASING = YES;
				CLANG_WARN_BOOL_CONVERSION = YES;
				CLANG_WARN_COMMA = YES;
				CLANG_WARN_CONSTANT_CONVERSION = YES;
				CLANG_WARN_DEPRECATED_OBJC_IMPLEMENTATIONS = YES;
				CLANG_WARN_DIRECT_OBJC_ISA_USAGE = YES_ERROR;
				CLANG_WARN_DOCUMENTATION_COMMENTS = YES;
				CLANG_WARN_EMPTY_BODY = YES;
				CLANG_WARN_ENUM_CONVERSION = YES;
				CLANG_WARN_INFINITE_RECURSION = YES;
				CLANG_WARN_INT_CONVERSION = YES;
				CLANG_WARN_NON_LITERAL_NULL_CONVERSION = YES;
				CLANG_WARN_OBJC_IMPLICIT_RETAIN_SELF = YES;
				CLANG_WARN_OBJC_LITERAL_CONVERSION = YES;
				CLANG_WARN_OBJC_ROOT_CLASS = YES_ERROR;
				CLANG_WARN_QUOTED_INCLUDE_IN_FRAMEWORK_HEADER = YES;
				CLANG_WARN_RANGE_LOOP_ANALYSIS = YES;
				CLANG_WARN_STRICT_PROTOTYPES = YES;
				CLANG_WARN_SUSPICIOUS_MOVE = YES;
				CLANG_WARN_UNGUARDED_AVAILABILITY = YES_AGGRESSIVE;
				CLANG_WARN_UNREACHABLE_CODE = YES;
				CLANG_WARN__DUPLICATE_METHOD_MATCH = YES;
				COPY_PHASE_STRIP = NO;
				DEBUG_INFORMATION_FORMAT = "dwarf-with-dsym";
				ENABLE_NS_ASSERTIONS = NO;
				ENABLE_STRICT_OBJC_MSGSEND = YES;
				GCC_C_LANGUAGE_STANDARD = gnu11;
				GCC_NO_COMMON_BLOCKS = YES;
				GCC_WARN_64_TO_32_BIT_CONVERSION = YES;
				GCC_WARN_ABOUT_RETURN_TYPE = YES_ERROR;
				GCC_WARN_UNDECLARED_SELECTOR = YES;
				GCC_WARN_UNINITIALIZED_AUTOS = YES_AGGRESSIVE;
				GCC_WARN_UNUSED_FUNCTION = YES;
				GCC_WARN_UNUSED_VARIABLE = YES;
				MACOSX_DEPLOYMENT_TARGET = 12.3;
				MTL_ENABLE_DEBUG_INFO = NO;
				MTL_FAST_MATH = YES;
				SDKROOT = macosx;
				SWIFT_COMPILATION_MODE = wholemodule;
				SWIFT_OPTIMIZATION_LEVEL = "-O";
			};
			name = Release;
		};
		D92842EA287C9D6B00EA2C41 /* Debug */ = {
			isa = XCBuildConfiguration;
			buildSettings = {
				CODE_SIGN_STYLE = Automatic;
				PRODUCT_NAME = "$(TARGET_NAME)";
				SWIFT_VERSION = 5.0;
			};
			name = Debug;
		};
		D92842EB287C9D6B00EA2C41 /* Release */ = {
			isa = XCBuildConfiguration;
			buildSettings = {
				CODE_SIGN_STYLE = Automatic;
				PRODUCT_NAME = "$(TARGET_NAME)";
				SWIFT_VERSION = 5.0;
			};
			name = Release;
		};
/* End XCBuildConfiguration section */

/* Begin XCConfigurationList section */
		D92842DD287C9D6B00EA2C41 /* Build configuration list for PBXProject "Swift-AGDS" */ = {
			isa = XCConfigurationList;
			buildConfigurations = (
				D92842E7287C9D6B00EA2C41 /* Debug */,
				D92842E8287C9D6B00EA2C41 /* Release */,
			);
			defaultConfigurationIsVisible = 0;
			defaultConfigurationName = Release;
		};
		D92842E9287C9D6B00EA2C41 /* Build configuration list for PBXNativeTarget "Swift-AGDS" */ = {
			isa = XCConfigurationList;
			buildConfigurations = (
				D92842EA287C9D6B00EA2C41 /* Debug */,
				D92842EB287C9D6B00EA2C41 /* Release */,
			);
			defaultConfigurationIsVisible = 0;
			defaultConfigurationName = Release;
		};
/* End XCConfigurationList section */
	};
	rootObject = D92842DA287C9D6B00EA2C41 /* Project object */;
}
